// !$*UTF8*$!
{
	archiveVersion = 1;
	classes = {
	};
	objectVersion = 48;
	objects = {

/* Begin PBXBuildFile section */
		3FFC91651F7D1144005EACD8 /* AppDelegate.swift in Sources */ = {isa = PBXBuildFile; fileRef = 3FFC91641F7D1144005EACD8 /* AppDelegate.swift */; };
		3FFC91671F7D1144005EACD8 /* MealViewController.swift in Sources */ = {isa = PBXBuildFile; fileRef = 3FFC91661F7D1144005EACD8 /* MealViewController.swift */; };
		3FFC916A1F7D1144005EACD8 /* Main.storyboard in Resources */ = {isa = PBXBuildFile; fileRef = 3FFC91681F7D1144005EACD8 /* Main.storyboard */; };
		3FFC916D1F7D1144005EACD8 /* FoodTracker_CoreData_.xcdatamodeld in Sources */ = {isa = PBXBuildFile; fileRef = 3FFC916B1F7D1144005EACD8 /* FoodTracker_CoreData_.xcdatamodeld */; };
		3FFC916F1F7D1144005EACD8 /* Assets.xcassets in Resources */ = {isa = PBXBuildFile; fileRef = 3FFC916E1F7D1144005EACD8 /* Assets.xcassets */; };
		3FFC91721F7D1144005EACD8 /* LaunchScreen.storyboard in Resources */ = {isa = PBXBuildFile; fileRef = 3FFC91701F7D1144005EACD8 /* LaunchScreen.storyboard */; };
		3FFC917D1F7D1144005EACD8 /* FoodTracker_CoreData_Tests.swift in Sources */ = {isa = PBXBuildFile; fileRef = 3FFC917C1F7D1144005EACD8 /* FoodTracker_CoreData_Tests.swift */; };
		3FFC91881F7D1144005EACD8 /* FoodTracker_CoreData_UITests.swift in Sources */ = {isa = PBXBuildFile; fileRef = 3FFC91871F7D1144005EACD8 /* FoodTracker_CoreData_UITests.swift */; };
		3FFC91961F7D11AC005EACD8 /* MealTableViewCell.swift in Sources */ = {isa = PBXBuildFile; fileRef = 3FFC91951F7D11AC005EACD8 /* MealTableViewCell.swift */; };
		3FFC91981F7D11C0005EACD8 /* MealTableViewController.swift in Sources */ = {isa = PBXBuildFile; fileRef = 3FFC91971F7D11C0005EACD8 /* MealTableViewController.swift */; };
		3FFC919A1F7D11CD005EACD8 /* RatingControl.swift in Sources */ = {isa = PBXBuildFile; fileRef = 3FFC91991F7D11CD005EACD8 /* RatingControl.swift */; };
		3FFC919C1F7D288A005EACD8 /* Meal.swift in Sources */ = {isa = PBXBuildFile; fileRef = 3FFC919B1F7D288A005EACD8 /* Meal.swift */; };
/* End PBXBuildFile section */

/* Begin PBXContainerItemProxy section */
		3FFC91791F7D1144005EACD8 /* PBXContainerItemProxy */ = {
			isa = PBXContainerItemProxy;
			containerPortal = 3FFC91591F7D1144005EACD8 /* Project object */;
			proxyType = 1;
			remoteGlobalIDString = 3FFC91601F7D1144005EACD8;
			remoteInfo = "FoodTracker(CoreData)";
		};
		3FFC91841F7D1144005EACD8 /* PBXContainerItemProxy */ = {
			isa = PBXContainerItemProxy;
			containerPortal = 3FFC91591F7D1144005EACD8 /* Project object */;
			proxyType = 1;
			remoteGlobalIDString = 3FFC91601F7D1144005EACD8;
			remoteInfo = "FoodTracker(CoreData)";
		};
/* End PBXContainerItemProxy section */

/* Begin PBXFileReference section */
		3FFC91611F7D1144005EACD8 /* FoodTracker(CoreData).app */ = {isa = PBXFileReference; explicitFileType = wrapper.application; includeInIndex = 0; path = "FoodTracker(CoreData).app"; sourceTree = BUILT_PRODUCTS_DIR; };
		3FFC91641F7D1144005EACD8 /* AppDelegate.swift */ = {isa = PBXFileReference; lastKnownFileType = sourcecode.swift; path = AppDelegate.swift; sourceTree = "<group>"; };
		3FFC91661F7D1144005EACD8 /* MealViewController.swift */ = {isa = PBXFileReference; lastKnownFileType = sourcecode.swift; path = MealViewController.swift; sourceTree = "<group>"; };
		3FFC91691F7D1144005EACD8 /* Base */ = {isa = PBXFileReference; lastKnownFileType = file.storyboard; name = Base; path = Base.lproj/Main.storyboard; sourceTree = "<group>"; };
		3FFC916C1F7D1144005EACD8 /* FoodTracker_CoreData_.xcdatamodel */ = {isa = PBXFileReference; lastKnownFileType = wrapper.xcdatamodel; path = FoodTracker_CoreData_.xcdatamodel; sourceTree = "<group>"; };
		3FFC916E1F7D1144005EACD8 /* Assets.xcassets */ = {isa = PBXFileReference; lastKnownFileType = folder.assetcatalog; path = Assets.xcassets; sourceTree = "<group>"; };
		3FFC91711F7D1144005EACD8 /* Base */ = {isa = PBXFileReference; lastKnownFileType = file.storyboard; name = Base; path = Base.lproj/LaunchScreen.storyboard; sourceTree = "<group>"; };
		3FFC91731F7D1144005EACD8 /* Info.plist */ = {isa = PBXFileReference; lastKnownFileType = text.plist.xml; path = Info.plist; sourceTree = "<group>"; };
		3FFC91781F7D1144005EACD8 /* FoodTracker(CoreData)Tests.xctest */ = {isa = PBXFileReference; explicitFileType = wrapper.cfbundle; includeInIndex = 0; path = "FoodTracker(CoreData)Tests.xctest"; sourceTree = BUILT_PRODUCTS_DIR; };
		3FFC917C1F7D1144005EACD8 /* FoodTracker_CoreData_Tests.swift */ = {isa = PBXFileReference; lastKnownFileType = sourcecode.swift; path = FoodTracker_CoreData_Tests.swift; sourceTree = "<group>"; };
		3FFC917E1F7D1144005EACD8 /* Info.plist */ = {isa = PBXFileReference; lastKnownFileType = text.plist.xml; path = Info.plist; sourceTree = "<group>"; };
		3FFC91831F7D1144005EACD8 /* FoodTracker(CoreData)UITests.xctest */ = {isa = PBXFileReference; explicitFileType = wrapper.cfbundle; includeInIndex = 0; path = "FoodTracker(CoreData)UITests.xctest"; sourceTree = BUILT_PRODUCTS_DIR; };
		3FFC91871F7D1144005EACD8 /* FoodTracker_CoreData_UITests.swift */ = {isa = PBXFileReference; lastKnownFileType = sourcecode.swift; path = FoodTracker_CoreData_UITests.swift; sourceTree = "<group>"; };
		3FFC91891F7D1144005EACD8 /* Info.plist */ = {isa = PBXFileReference; lastKnownFileType = text.plist.xml; path = Info.plist; sourceTree = "<group>"; };
		3FFC91951F7D11AC005EACD8 /* MealTableViewCell.swift */ = {isa = PBXFileReference; lastKnownFileType = sourcecode.swift; path = MealTableViewCell.swift; sourceTree = "<group>"; };
		3FFC91971F7D11C0005EACD8 /* MealTableViewController.swift */ = {isa = PBXFileReference; lastKnownFileType = sourcecode.swift; path = MealTableViewController.swift; sourceTree = "<group>"; };
		3FFC91991F7D11CD005EACD8 /* RatingControl.swift */ = {isa = PBXFileReference; lastKnownFileType = sourcecode.swift; path = RatingControl.swift; sourceTree = "<group>"; };
		3FFC919B1F7D288A005EACD8 /* Meal.swift */ = {isa = PBXFileReference; lastKnownFileType = sourcecode.swift; path = Meal.swift; sourceTree = "<group>"; };
/* End PBXFileReference section */

/* Begin PBXFrameworksBuildPhase section */
		3FFC915E1F7D1144005EACD8 /* Frameworks */ = {
			isa = PBXFrameworksBuildPhase;
			buildActionMask = 2147483647;
			files = (
			);
			runOnlyForDeploymentPostprocessing = 0;
		};
		3FFC91751F7D1144005EACD8 /* Frameworks */ = {
			isa = PBXFrameworksBuildPhase;
			buildActionMask = 2147483647;
			files = (
			);
			runOnlyForDeploymentPostprocessing = 0;
		};
		3FFC91801F7D1144005EACD8 /* Frameworks */ = {
			isa = PBXFrameworksBuildPhase;
			buildActionMask = 2147483647;
			files = (
			);
			runOnlyForDeploymentPostprocessing = 0;
		};
/* End PBXFrameworksBuildPhase section */

/* Begin PBXGroup section */
		3FFC91581F7D1144005EACD8 = {
			isa = PBXGroup;
			children = (
				3FFC91631F7D1144005EACD8 /* FoodTracker(CoreData) */,
				3FFC917B1F7D1144005EACD8 /* FoodTracker(CoreData)Tests */,
				3FFC91861F7D1144005EACD8 /* FoodTracker(CoreData)UITests */,
				3FFC91621F7D1144005EACD8 /* Products */,
			);
			sourceTree = "<group>";
		};
		3FFC91621F7D1144005EACD8 /* Products */ = {
			isa = PBXGroup;
			children = (
				3FFC91611F7D1144005EACD8 /* FoodTracker(CoreData).app */,
				3FFC91781F7D1144005EACD8 /* FoodTracker(CoreData)Tests.xctest */,
				3FFC91831F7D1144005EACD8 /* FoodTracker(CoreData)UITests.xctest */,
			);
			name = Products;
			sourceTree = "<group>";
		};
		3FFC91631F7D1144005EACD8 /* FoodTracker(CoreData) */ = {
			isa = PBXGroup;
			children = (
				3FFC91641F7D1144005EACD8 /* AppDelegate.swift */,
				3FFC91661F7D1144005EACD8 /* MealViewController.swift */,
				3FFC91951F7D11AC005EACD8 /* MealTableViewCell.swift */,
				3FFC91971F7D11C0005EACD8 /* MealTableViewController.swift */,
				3FFC91991F7D11CD005EACD8 /* RatingControl.swift */,
				3FFC919B1F7D288A005EACD8 /* Meal.swift */,
				3FFC91681F7D1144005EACD8 /* Main.storyboard */,
				3FFC916E1F7D1144005EACD8 /* Assets.xcassets */,
				3FFC91701F7D1144005EACD8 /* LaunchScreen.storyboard */,
				3FFC91731F7D1144005EACD8 /* Info.plist */,
				3FFC916B1F7D1144005EACD8 /* FoodTracker_CoreData_.xcdatamodeld */,
			);
			path = "FoodTracker(CoreData)";
			sourceTree = "<group>";
		};
		3FFC917B1F7D1144005EACD8 /* FoodTracker(CoreData)Tests */ = {
			isa = PBXGroup;
			children = (
				3FFC917C1F7D1144005EACD8 /* FoodTracker_CoreData_Tests.swift */,
				3FFC917E1F7D1144005EACD8 /* Info.plist */,
			);
			path = "FoodTracker(CoreData)Tests";
			sourceTree = "<group>";
		};
		3FFC91861F7D1144005EACD8 /* FoodTracker(CoreData)UITests */ = {
			isa = PBXGroup;
			children = (
				3FFC91871F7D1144005EACD8 /* FoodTracker_CoreData_UITests.swift */,
				3FFC91891F7D1144005EACD8 /* Info.plist */,
			);
			path = "FoodTracker(CoreData)UITests";
			sourceTree = "<group>";
		};
/* End PBXGroup section */

/* Begin PBXNativeTarget section */
		3FFC91601F7D1144005EACD8 /* FoodTracker(CoreData) */ = {
			isa = PBXNativeTarget;
			buildConfigurationList = 3FFC918C1F7D1144005EACD8 /* Build configuration list for PBXNativeTarget "FoodTracker(CoreData)" */;
			buildPhases = (
				3FFC915D1F7D1144005EACD8 /* Sources */,
				3FFC915E1F7D1144005EACD8 /* Frameworks */,
				3FFC915F1F7D1144005EACD8 /* Resources */,
			);
			buildRules = (
			);
			dependencies = (
			);
			name = "FoodTracker(CoreData)";
			productName = "FoodTracker(CoreData)";
			productReference = 3FFC91611F7D1144005EACD8 /* FoodTracker(CoreData).app */;
			productType = "com.apple.product-type.application";
		};
		3FFC91771F7D1144005EACD8 /* FoodTracker(CoreData)Tests */ = {
			isa = PBXNativeTarget;
			buildConfigurationList = 3FFC918F1F7D1144005EACD8 /* Build configuration list for PBXNativeTarget "FoodTracker(CoreData)Tests" */;
			buildPhases = (
				3FFC91741F7D1144005EACD8 /* Sources */,
				3FFC91751F7D1144005EACD8 /* Frameworks */,
				3FFC91761F7D1144005EACD8 /* Resources */,
			);
			buildRules = (
			);
			dependencies = (
				3FFC917A1F7D1144005EACD8 /* PBXTargetDependency */,
			);
			name = "FoodTracker(CoreData)Tests";
			productName = "FoodTracker(CoreData)Tests";
			productReference = 3FFC91781F7D1144005EACD8 /* FoodTracker(CoreData)Tests.xctest */;
			productType = "com.apple.product-type.bundle.unit-test";
		};
		3FFC91821F7D1144005EACD8 /* FoodTracker(CoreData)UITests */ = {
			isa = PBXNativeTarget;
			buildConfigurationList = 3FFC91921F7D1144005EACD8 /* Build configuration list for PBXNativeTarget "FoodTracker(CoreData)UITests" */;
			buildPhases = (
				3FFC917F1F7D1144005EACD8 /* Sources */,
				3FFC91801F7D1144005EACD8 /* Frameworks */,
				3FFC91811F7D1144005EACD8 /* Resources */,
			);
			buildRules = (
			);
			dependencies = (
				3FFC91851F7D1144005EACD8 /* PBXTargetDependency */,
			);
			name = "FoodTracker(CoreData)UITests";
			productName = "FoodTracker(CoreData)UITests";
			productReference = 3FFC91831F7D1144005EACD8 /* FoodTracker(CoreData)UITests.xctest */;
			productType = "com.apple.product-type.bundle.ui-testing";
		};
/* End PBXNativeTarget section */

/* Begin PBXProject section */
		3FFC91591F7D1144005EACD8 /* Project object */ = {
			isa = PBXProject;
			attributes = {
				LastSwiftUpdateCheck = 0900;
				LastUpgradeCheck = 0900;
				ORGANIZATIONNAME = Hao;
				TargetAttributes = {
					3FFC91601F7D1144005EACD8 = {
						CreatedOnToolsVersion = 9.0;
						ProvisioningStyle = Automatic;
					};
					3FFC91771F7D1144005EACD8 = {
						CreatedOnToolsVersion = 9.0;
						ProvisioningStyle = Automatic;
						TestTargetID = 3FFC91601F7D1144005EACD8;
					};
					3FFC91821F7D1144005EACD8 = {
						CreatedOnToolsVersion = 9.0;
						ProvisioningStyle = Automatic;
						TestTargetID = 3FFC91601F7D1144005EACD8;
					};
				};
			};
			buildConfigurationList = 3FFC915C1F7D1144005EACD8 /* Build configuration list for PBXProject "FoodTracker(CoreData)" */;
			compatibilityVersion = "Xcode 8.0";
			developmentRegion = en;
			hasScannedForEncodings = 0;
			knownRegions = (
				en,
				Base,
			);
			mainGroup = 3FFC91581F7D1144005EACD8;
			productRefGroup = 3FFC91621F7D1144005EACD8 /* Products */;
			projectDirPath = "";
			projectRoot = "";
			targets = (
				3FFC91601F7D1144005EACD8 /* FoodTracker(CoreData) */,
				3FFC91771F7D1144005EACD8 /* FoodTracker(CoreData)Tests */,
				3FFC91821F7D1144005EACD8 /* FoodTracker(CoreData)UITests */,
			);
		};
/* End PBXProject section */

/* Begin PBXResourcesBuildPhase section */
		3FFC915F1F7D1144005EACD8 /* Resources */ = {
			isa = PBXResourcesBuildPhase;
			buildActionMask = 2147483647;
			files = (
				3FFC91721F7D1144005EACD8 /* LaunchScreen.storyboard in Resources */,
				3FFC916F1F7D1144005EACD8 /* Assets.xcassets in Resources */,
				3FFC916A1F7D1144005EACD8 /* Main.storyboard in Resources */,
			);
			runOnlyForDeploymentPostprocessing = 0;
		};
		3FFC91761F7D1144005EACD8 /* Resources */ = {
			isa = PBXResourcesBuildPhase;
			buildActionMask = 2147483647;
			files = (
			);
			runOnlyForDeploymentPostprocessing = 0;
		};
		3FFC91811F7D1144005EACD8 /* Resources */ = {
			isa = PBXResourcesBuildPhase;
			buildActionMask = 2147483647;
			files = (
			);
			runOnlyForDeploymentPostprocessing = 0;
		};
/* End PBXResourcesBuildPhase section */

/* Begin PBXSourcesBuildPhase section */
		3FFC915D1F7D1144005EACD8 /* Sources */ = {
			isa = PBXSourcesBuildPhase;
			buildActionMask = 2147483647;
			files = (
				3FFC91981F7D11C0005EACD8 /* MealTableViewController.swift in Sources */,
				3FFC91961F7D11AC005EACD8 /* MealTableViewCell.swift in Sources */,
				3FFC919C1F7D288A005EACD8 /* Meal.swift in Sources */,
				3FFC91671F7D1144005EACD8 /* MealViewController.swift in Sources */,
				3FFC91651F7D1144005EACD8 /* AppDelegate.swift in Sources */,
				3FFC919A1F7D11CD005EACD8 /* RatingControl.swift in Sources */,
				3FFC916D1F7D1144005EACD8 /* FoodTracker_CoreData_.xcdatamodeld in Sources */,
			);
			runOnlyForDeploymentPostprocessing = 0;
		};
		3FFC91741F7D1144005EACD8 /* Sources */ = {
			isa = PBXSourcesBuildPhase;
			buildActionMask = 2147483647;
			files = (
				3FFC917D1F7D1144005EACD8 /* FoodTracker_CoreData_Tests.swift in Sources */,
			);
			runOnlyForDeploymentPostprocessing = 0;
		};
		3FFC917F1F7D1144005EACD8 /* Sources */ = {
			isa = PBXSourcesBuildPhase;
			buildActionMask = 2147483647;
			files = (
				3FFC91881F7D1144005EACD8 /* FoodTracker_CoreData_UITests.swift in Sources */,
			);
			runOnlyForDeploymentPostprocessing = 0;
		};
/* End PBXSourcesBuildPhase section */

/* Begin PBXTargetDependency section */
		3FFC917A1F7D1144005EACD8 /* PBXTargetDependency */ = {
			isa = PBXTargetDependency;
			target = 3FFC91601F7D1144005EACD8 /* FoodTracker(CoreData) */;
			targetProxy = 3FFC91791F7D1144005EACD8 /* PBXContainerItemProxy */;
		};
		3FFC91851F7D1144005EACD8 /* PBXTargetDependency */ = {
			isa = PBXTargetDependency;
			target = 3FFC91601F7D1144005EACD8 /* FoodTracker(CoreData) */;
			targetProxy = 3FFC91841F7D1144005EACD8 /* PBXContainerItemProxy */;
		};
/* End PBXTargetDependency section */

/* Begin PBXVariantGroup section */
		3FFC91681F7D1144005EACD8 /* Main.storyboard */ = {
			isa = PBXVariantGroup;
			children = (
				3FFC91691F7D1144005EACD8 /* Base */,
			);
			name = Main.storyboard;
			sourceTree = "<group>";
		};
		3FFC91701F7D1144005EACD8 /* LaunchScreen.storyboard */ = {
			isa = PBXVariantGroup;
			children = (
				3FFC91711F7D1144005EACD8 /* Base */,
			);
			name = LaunchScreen.storyboard;
			sourceTree = "<group>";
		};
/* End PBXVariantGroup section */

/* Begin XCBuildConfiguration section */
		3FFC918A1F7D1144005EACD8 /* Debug */ = {
			isa = XCBuildConfiguration;
			buildSettings = {
				ALWAYS_SEARCH_USER_PATHS = NO;
				CLANG_ANALYZER_NONNULL = YES;
				CLANG_ANALYZER_NUMBER_OBJECT_CONVERSION = YES_AGGRESSIVE;
				CLANG_CXX_LANGUAGE_STANDARD = "gnu++14";
				CLANG_CXX_LIBRARY = "libc++";
				CLANG_ENABLE_MODULES = YES;
				CLANG_ENABLE_OBJC_ARC = YES;
				CLANG_WARN_BLOCK_CAPTURE_AUTORELEASING = YES;
				CLANG_WARN_BOOL_CONVERSION = YES;
				CLANG_WARN_COMMA = YES;
				CLANG_WARN_CONSTANT_CONVERSION = YES;
				CLANG_WARN_DIRECT_OBJC_ISA_USAGE = YES_ERROR;
				CLANG_WARN_DOCUMENTATION_COMMENTS = YES;
				CLANG_WARN_EMPTY_BODY = YES;
				CLANG_WARN_ENUM_CONVERSION = YES;
				CLANG_WARN_INFINITE_RECURSION = YES;
				CLANG_WARN_INT_CONVERSION = YES;
				CLANG_WARN_NON_LITERAL_NULL_CONVERSION = YES;
				CLANG_WARN_OBJC_LITERAL_CONVERSION = YES;
				CLANG_WARN_OBJC_ROOT_CLASS = YES_ERROR;
				CLANG_WARN_RANGE_LOOP_ANALYSIS = YES;
				CLANG_WARN_STRICT_PROTOTYPES = YES;
				CLANG_WARN_SUSPICIOUS_MOVE = YES;
				CLANG_WARN_UNGUARDED_AVAILABILITY = YES_AGGRESSIVE;
				CLANG_WARN_UNREACHABLE_CODE = YES;
				CLANG_WARN__DUPLICATE_METHOD_MATCH = YES;
				CODE_SIGN_IDENTITY = "iPhone Developer";
				COPY_PHASE_STRIP = NO;
				DEBUG_INFORMATION_FORMAT = dwarf;
				ENABLE_STRICT_OBJC_MSGSEND = YES;
				ENABLE_TESTABILITY = YES;
				GCC_C_LANGUAGE_STANDARD = gnu11;
				GCC_DYNAMIC_NO_PIC = NO;
				GCC_NO_COMMON_BLOCKS = YES;
				GCC_OPTIMIZATION_LEVEL = 0;
				GCC_PREPROCESSOR_DEFINITIONS = (
					"DEBUG=1",
					"$(inherited)",
				);
				GCC_WARN_64_TO_32_BIT_CONVERSION = YES;
				GCC_WARN_ABOUT_RETURN_TYPE = YES_ERROR;
				GCC_WARN_UNDECLARED_SELECTOR = YES;
				GCC_WARN_UNINITIALIZED_AUTOS = YES_AGGRESSIVE;
				GCC_WARN_UNUSED_FUNCTION = YES;
				GCC_WARN_UNUSED_VARIABLE = YES;
				IPHONEOS_DEPLOYMENT_TARGET = 11.0;
				MTL_ENABLE_DEBUG_INFO = YES;
				ONLY_ACTIVE_ARCH = YES;
				SDKROOT = iphoneos;
				SWIFT_ACTIVE_COMPILATION_CONDITIONS = DEBUG;
				SWIFT_OPTIMIZATION_LEVEL = "-Onone";
			};
			name = Debug;
		};
		3FFC918B1F7D1144005EACD8 /* Release */ = {
			isa = XCBuildConfiguration;
			buildSettings = {
				ALWAYS_SEARCH_USER_PATHS = NO;
				CLANG_ANALYZER_NONNULL = YES;
				CLANG_ANALYZER_NUMBER_OBJECT_CONVERSION = YES_AGGRESSIVE;
				CLANG_CXX_LANGUAGE_STANDARD = "gnu++14";
				CLANG_CXX_LIBRARY = "libc++";
				CLANG_ENABLE_MODULES = YES;
				CLANG_ENABLE_OBJC_ARC = YES;
				CLANG_WARN_BLOCK_CAPTURE_AUTORELEASING = YES;
				CLANG_WARN_BOOL_CONVERSION = YES;
				CLANG_WARN_COMMA = YES;
				CLANG_WARN_CONSTANT_CONVERSION = YES;
				CLANG_WARN_DIRECT_OBJC_ISA_USAGE = YES_ERROR;
				CLANG_WARN_DOCUMENTATION_COMMENTS = YES;
				CLANG_WARN_EMPTY_BODY = YES;
				CLANG_WARN_ENUM_CONVERSION = YES;
				CLANG_WARN_INFINITE_RECURSION = YES;
				CLANG_WARN_INT_CONVERSION = YES;
				CLANG_WARN_NON_LITERAL_NULL_CONVERSION = YES;
				CLANG_WARN_OBJC_LITERAL_CONVERSION = YES;
				CLANG_WARN_OBJC_ROOT_CLASS = YES_ERROR;
				CLANG_WARN_RANGE_LOOP_ANALYSIS = YES;
				CLANG_WARN_STRICT_PROTOTYPES = YES;
				CLANG_WARN_SUSPICIOUS_MOVE = YES;
				CLANG_WARN_UNGUARDED_AVAILABILITY = YES_AGGRESSIVE;
				CLANG_WARN_UNREACHABLE_CODE = YES;
				CLANG_WARN__DUPLICATE_METHOD_MATCH = YES;
				CODE_SIGN_IDENTITY = "iPhone Developer";
				COPY_PHASE_STRIP = NO;
				DEBUG_INFORMATION_FORMAT = "dwarf-with-dsym";
				ENABLE_NS_ASSERTIONS = NO;
				ENABLE_STRICT_OBJC_MSGSEND = YES;
				GCC_C_LANGUAGE_STANDARD = gnu11;
				GCC_NO_COMMON_BLOCKS = YES;
				GCC_WARN_64_TO_32_BIT_CONVERSION = YES;
				GCC_WARN_ABOUT_RETURN_TYPE = YES_ERROR;
				GCC_WARN_UNDECLARED_SELECTOR = YES;
				GCC_WARN_UNINITIALIZED_AUTOS = YES_AGGRESSIVE;
				GCC_WARN_UNUSED_FUNCTION = YES;
				GCC_WARN_UNUSED_VARIABLE = YES;
				IPHONEOS_DEPLOYMENT_TARGET = 11.0;
				MTL_ENABLE_DEBUG_INFO = NO;
				SDKROOT = iphoneos;
				SWIFT_OPTIMIZATION_LEVEL = "-Owholemodule";
				VALIDATE_PRODUCT = YES;
			};
			name = Release;
		};
		3FFC918D1F7D1144005EACD8 /* Debug */ = {
			isa = XCBuildConfiguration;
			buildSettings = {
				ASSETCATALOG_COMPILER_APPICON_NAME = AppIcon;
				CODE_SIGN_STYLE = Automatic;
				INFOPLIST_FILE = "FoodTracker(CoreData)/Info.plist";
				LD_RUNPATH_SEARCH_PATHS = "$(inherited) @executable_path/Frameworks";
				PRODUCT_BUNDLE_IDENTIFIER = "hao.FoodTracker-CoreData-";
				PRODUCT_NAME = "$(TARGET_NAME)";
				SWIFT_VERSION = 4.0;
				TARGETED_DEVICE_FAMILY = "1,2";
			};
			name = Debug;
		};
		3FFC918E1F7D1144005EACD8 /* Release */ = {
			isa = XCBuildConfiguration;
			buildSettings = {
				ASSETCATALOG_COMPILER_APPICON_NAME = AppIcon;
				CODE_SIGN_STYLE = Automatic;
				INFOPLIST_FILE = "FoodTracker(CoreData)/Info.plist";
				LD_RUNPATH_SEARCH_PATHS = "$(inherited) @executable_path/Frameworks";
				PRODUCT_BUNDLE_IDENTIFIER = "hao.FoodTracker-CoreData-";
				PRODUCT_NAME = "$(TARGET_NAME)";
				SWIFT_VERSION = 4.0;
				TARGETED_DEVICE_FAMILY = "1,2";
			};
			name = Release;
		};
		3FFC91901F7D1144005EACD8 /* Debug */ = {
			isa = XCBuildConfiguration;
			buildSettings = {
				ALWAYS_EMBED_SWIFT_STANDARD_LIBRARIES = YES;
				BUNDLE_LOADER = "$(TEST_HOST)";
				CODE_SIGN_STYLE = Automatic;
				INFOPLIST_FILE = "FoodTracker(CoreData)Tests/Info.plist";
				LD_RUNPATH_SEARCH_PATHS = "$(inherited) @executable_path/Frameworks @loader_path/Frameworks";
				PRODUCT_BUNDLE_IDENTIFIER = "hao.FoodTracker-CoreData-Tests";
				PRODUCT_NAME = "$(TARGET_NAME)";
				SWIFT_VERSION = 4.0;
				TARGETED_DEVICE_FAMILY = "1,2";
				TEST_HOST = "$(BUILT_PRODUCTS_DIR)/FoodTracker(CoreData).app/FoodTracker(CoreData)";
			};
			name = Debug;
		};
		3FFC91911F7D1144005EACD8 /* Release */ = {
			isa = XCBuildConfiguration;
			buildSettings = {
				ALWAYS_EMBED_SWIFT_STANDARD_LIBRARIES = YES;
				BUNDLE_LOADER = "$(TEST_HOST)";
				CODE_SIGN_STYLE = Automatic;
				INFOPLIST_FILE = "FoodTracker(CoreData)Tests/Info.plist";
				LD_RUNPATH_SEARCH_PATHS = "$(inherited) @executable_path/Frameworks @loader_path/Frameworks";
				PRODUCT_BUNDLE_IDENTIFIER = "hao.FoodTracker-CoreData-Tests";
				PRODUCT_NAME = "$(TARGET_NAME)";
				SWIFT_VERSION = 4.0;
				TARGETED_DEVICE_FAMILY = "1,2";
				TEST_HOST = "$(BUILT_PRODUCTS_DIR)/FoodTracker(CoreData).app/FoodTracker(CoreData)";
			};
			name = Release;
		};
		3FFC91931F7D1144005EACD8 /* Debug */ = {
			isa = XCBuildConfiguration;
			buildSettings = {
				ALWAYS_EMBED_SWIFT_STANDARD_LIBRARIES = YES;
				CODE_SIGN_STYLE = Automatic;
				INFOPLIST_FILE = "FoodTracker(CoreData)UITests/Info.plist";
				LD_RUNPATH_SEARCH_PATHS = "$(inherited) @executable_path/Frameworks @loader_path/Frameworks";
				PRODUCT_BUNDLE_IDENTIFIER = "hao.FoodTracker-CoreData-UITests";
				PRODUCT_NAME = "$(TARGET_NAME)";
				SWIFT_VERSION = 4.0;
				TARGETED_DEVICE_FAMILY = "1,2";
				TEST_TARGET_NAME = "FoodTracker(CoreData)";
			};
			name = Debug;
		};
		3FFC91941F7D1144005EACD8 /* Release */ = {
			isa = XCBuildConfiguration;
			buildSettings = {
				ALWAYS_EMBED_SWIFT_STANDARD_LIBRARIES = YES;
				CODE_SIGN_STYLE = Automatic;
				INFOPLIST_FILE = "FoodTracker(CoreData)UITests/Info.plist";
				LD_RUNPATH_SEARCH_PATHS = "$(inherited) @executable_path/Frameworks @loader_path/Frameworks";
				PRODUCT_BUNDLE_IDENTIFIER = "hao.FoodTracker-CoreData-UITests";
				PRODUCT_NAME = "$(TARGET_NAME)";
				SWIFT_VERSION = 4.0;
				TARGETED_DEVICE_FAMILY = "1,2";
				TEST_TARGET_NAME = "FoodTracker(CoreData)";
			};
			name = Release;
		};
/* End XCBuildConfiguration section */

/* Begin XCConfigurationList section */
		3FFC915C1F7D1144005EACD8 /* Build configuration list for PBXProject "FoodTracker(CoreData)" */ = {
			isa = XCConfigurationList;
			buildConfigurations = (
				3FFC918A1F7D1144005EACD8 /* Debug */,
				3FFC918B1F7D1144005EACD8 /* Release */,
			);
			defaultConfigurationIsVisible = 0;
			defaultConfigurationName = Release;
		};
		3FFC918C1F7D1144005EACD8 /* Build configuration list for PBXNativeTarget "FoodTracker(CoreData)" */ = {
			isa = XCConfigurationList;
			buildConfigurations = (
				3FFC918D1F7D1144005EACD8 /* Debug */,
				3FFC918E1F7D1144005EACD8 /* Release */,
			);
			defaultConfigurationIsVisible = 0;
			defaultConfigurationName = Release;
		};
		3FFC918F1F7D1144005EACD8 /* Build configuration list for PBXNativeTarget "FoodTracker(CoreData)Tests" */ = {
			isa = XCConfigurationList;
			buildConfigurations = (
				3FFC91901F7D1144005EACD8 /* Debug */,
				3FFC91911F7D1144005EACD8 /* Release */,
			);
			defaultConfigurationIsVisible = 0;
			defaultConfigurationName = Release;
		};
		3FFC91921F7D1144005EACD8 /* Build configuration list for PBXNativeTarget "FoodTracker(CoreData)UITests" */ = {
			isa = XCConfigurationList;
			buildConfigurations = (
				3FFC91931F7D1144005EACD8 /* Debug */,
				3FFC91941F7D1144005EACD8 /* Release */,
			);
			defaultConfigurationIsVisible = 0;
			defaultConfigurationName = Release;
		};
/* End XCConfigurationList section */

/* Begin XCVersionGroup section */
		3FFC916B1F7D1144005EACD8 /* FoodTracker_CoreData_.xcdatamodeld */ = {
			isa = XCVersionGroup;
			children = (
				3FFC916C1F7D1144005EACD8 /* FoodTracker_CoreData_.xcdatamodel */,
			);
			currentVersion = 3FFC916C1F7D1144005EACD8 /* FoodTracker_CoreData_.xcdatamodel */;
			path = FoodTracker_CoreData_.xcdatamodeld;
			sourceTree = "<group>";
			versionGroupType = wrapper.xcdatamodel;
		};
/* End XCVersionGroup section */
	};
	rootObject = 3FFC91591F7D1144005EACD8 /* Project object */;
}
